// !$*UTF8*$!
{
	archiveVersion = 1;
	classes = {
	};
	objectVersion = 51;
	objects = {

/* Begin PBXBuildFile section */
		A4052DD655D816F8F8765AD5 /* Pods_SimpleFit.framework in Frameworks */ = {isa = PBXBuildFile; fileRef = 02FDABE50893208936BB35BB /* Pods_SimpleFit.framework */; };
		A520C976257B6F1600215CC1 /* AddPhotoVC.swift in Sources */ = {isa = PBXBuildFile; fileRef = A520C975257B6F1600215CC1 /* AddPhotoVC.swift */; };
		A548A787256FFC6400782A0E /* AppDelegate.swift in Sources */ = {isa = PBXBuildFile; fileRef = A548A786256FFC6400782A0E /* AppDelegate.swift */; };
		A548A789256FFC6400782A0E /* SceneDelegate.swift in Sources */ = {isa = PBXBuildFile; fileRef = A548A788256FFC6400782A0E /* SceneDelegate.swift */; };
		A548A78B256FFC6400782A0E /* HomeVC.swift in Sources */ = {isa = PBXBuildFile; fileRef = A548A78A256FFC6400782A0E /* HomeVC.swift */; };
		A548A78E256FFC6400782A0E /* Main.storyboard in Resources */ = {isa = PBXBuildFile; fileRef = A548A78C256FFC6400782A0E /* Main.storyboard */; };
		A548A790256FFC6600782A0E /* Assets.xcassets in Resources */ = {isa = PBXBuildFile; fileRef = A548A78F256FFC6600782A0E /* Assets.xcassets */; };
		A548A793256FFC6600782A0E /* LaunchScreen.storyboard in Resources */ = {isa = PBXBuildFile; fileRef = A548A791256FFC6600782A0E /* LaunchScreen.storyboard */; };
		A5536CC2257A045D00BE60BC /* GoogleService-Info.plist in Resources */ = {isa = PBXBuildFile; fileRef = A5536CC1257A045D00BE60BC /* GoogleService-Info.plist */; };
		A555EBA02578C5B60099BCB7 /* UserFavoriteVC.swift in Sources */ = {isa = PBXBuildFile; fileRef = A555EB9F2578C5B60099BCB7 /* UserFavoriteVC.swift */; };
		A555EBD32578E3570099BCB7 /* FavoriteCell.swift in Sources */ = {isa = PBXBuildFile; fileRef = A555EBD22578E3570099BCB7 /* FavoriteCell.swift */; };
		A555EBD62578E6810099BCB7 /* PagingFlowLayout.swift in Sources */ = {isa = PBXBuildFile; fileRef = A555EBD52578E6810099BCB7 /* PagingFlowLayout.swift */; };
		A57297BA2577230600A892D4 /* AddWeightVC.swift in Sources */ = {isa = PBXBuildFile; fileRef = A57297B92577230600A892D4 /* AddWeightVC.swift */; };
		A5863E0F25752EB30017F09C /* UIButton+Ext.swift in Sources */ = {isa = PBXBuildFile; fileRef = A5863E0E25752EB30017F09C /* UIButton+Ext.swift */; };
		A5BDFD7E25723137004D3F57 /* ChartProvider.swift in Sources */ = {isa = PBXBuildFile; fileRef = A5BDFD7D25723137004D3F57 /* ChartProvider.swift */; };
		A5BDFD8125723362004D3F57 /* ChartData.swift in Sources */ = {isa = PBXBuildFile; fileRef = A5BDFD8025723362004D3F57 /* ChartData.swift */; };
		A5BDFD9625724AA6004D3F57 /* UIImage+Ext.swift in Sources */ = {isa = PBXBuildFile; fileRef = A5BDFD9525724AA6004D3F57 /* UIImage+Ext.swift */; };
		A5BDFD9C2572938F004D3F57 /* SideMenuVC.swift in Sources */ = {isa = PBXBuildFile; fileRef = A5BDFD9B2572938F004D3F57 /* SideMenuVC.swift */; };
		A5BDFDA125729495004D3F57 /* SideMenuCell.swift in Sources */ = {isa = PBXBuildFile; fileRef = A5BDFDA025729495004D3F57 /* SideMenuCell.swift */; };
		A5BDFDB32572A7DB004D3F57 /* SideMenuItemManager.swift in Sources */ = {isa = PBXBuildFile; fileRef = A5BDFDB22572A7DB004D3F57 /* SideMenuItemManager.swift */; };
		A5BDFDB625738B0D004D3F57 /* Date+Ext.swift in Sources */ = {isa = PBXBuildFile; fileRef = A5BDFDB525738B0D004D3F57 /* Date+Ext.swift */; };
		A5BDFDB925738C4E004D3F57 /* DateProvider.swift in Sources */ = {isa = PBXBuildFile; fileRef = A5BDFDB825738C4E004D3F57 /* DateProvider.swift */; };
		A5BDFDF32573E404004D3F57 /* DatePickerVC.swift in Sources */ = {isa = PBXBuildFile; fileRef = A5BDFDF22573E404004D3F57 /* DatePickerVC.swift */; };
		A5C741EE2577FD82007B477E /* AddNoteVC.swift in Sources */ = {isa = PBXBuildFile; fileRef = A5C741ED2577FD82007B477E /* AddNoteVC.swift */; };
		A5C9F67E2578758E00558C98 /* UserInfoVC.swift in Sources */ = {isa = PBXBuildFile; fileRef = A5C9F67D2578758E00558C98 /* UserInfoVC.swift */; };
		A5C9F681257896AB00558C98 /* UIView+Ext.swift in Sources */ = {isa = PBXBuildFile; fileRef = A5C9F680257896AB00558C98 /* UIView+Ext.swift */; };
		A5E46D48257615C400ADF4DA /* DetailVC.swift in Sources */ = {isa = PBXBuildFile; fileRef = A5E46D47257615C400ADF4DA /* DetailVC.swift */; };
/* End PBXBuildFile section */

/* Begin PBXFileReference section */
		02FDABE50893208936BB35BB /* Pods_SimpleFit.framework */ = {isa = PBXFileReference; explicitFileType = wrapper.framework; includeInIndex = 0; path = Pods_SimpleFit.framework; sourceTree = BUILT_PRODUCTS_DIR; };
		A520C975257B6F1600215CC1 /* AddPhotoVC.swift */ = {isa = PBXFileReference; lastKnownFileType = sourcecode.swift; path = AddPhotoVC.swift; sourceTree = "<group>"; };
		A548A783256FFC6400782A0E /* SimpleFit.app */ = {isa = PBXFileReference; explicitFileType = wrapper.application; includeInIndex = 0; path = SimpleFit.app; sourceTree = BUILT_PRODUCTS_DIR; };
		A548A786256FFC6400782A0E /* AppDelegate.swift */ = {isa = PBXFileReference; lastKnownFileType = sourcecode.swift; path = AppDelegate.swift; sourceTree = "<group>"; };
		A548A788256FFC6400782A0E /* SceneDelegate.swift */ = {isa = PBXFileReference; lastKnownFileType = sourcecode.swift; path = SceneDelegate.swift; sourceTree = "<group>"; };
		A548A78A256FFC6400782A0E /* HomeVC.swift */ = {isa = PBXFileReference; lastKnownFileType = sourcecode.swift; path = HomeVC.swift; sourceTree = "<group>"; };
		A548A78D256FFC6400782A0E /* Base */ = {isa = PBXFileReference; lastKnownFileType = file.storyboard; name = Base; path = Base.lproj/Main.storyboard; sourceTree = "<group>"; };
		A548A78F256FFC6600782A0E /* Assets.xcassets */ = {isa = PBXFileReference; lastKnownFileType = folder.assetcatalog; path = Assets.xcassets; sourceTree = "<group>"; };
		A548A792256FFC6600782A0E /* Base */ = {isa = PBXFileReference; lastKnownFileType = file.storyboard; name = Base; path = Base.lproj/LaunchScreen.storyboard; sourceTree = "<group>"; };
		A548A794256FFC6600782A0E /* Info.plist */ = {isa = PBXFileReference; lastKnownFileType = text.plist.xml; path = Info.plist; sourceTree = "<group>"; };
		A5536CC1257A045D00BE60BC /* GoogleService-Info.plist */ = {isa = PBXFileReference; fileEncoding = 4; lastKnownFileType = text.plist.xml; path = "GoogleService-Info.plist"; sourceTree = "<group>"; };
		A555EB9F2578C5B60099BCB7 /* UserFavoriteVC.swift */ = {isa = PBXFileReference; lastKnownFileType = sourcecode.swift; path = UserFavoriteVC.swift; sourceTree = "<group>"; };
		A555EBD22578E3570099BCB7 /* FavoriteCell.swift */ = {isa = PBXFileReference; lastKnownFileType = sourcecode.swift; path = FavoriteCell.swift; sourceTree = "<group>"; };
		A555EBD52578E6810099BCB7 /* PagingFlowLayout.swift */ = {isa = PBXFileReference; lastKnownFileType = sourcecode.swift; path = PagingFlowLayout.swift; sourceTree = "<group>"; };
		A57297B92577230600A892D4 /* AddWeightVC.swift */ = {isa = PBXFileReference; lastKnownFileType = sourcecode.swift; path = AddWeightVC.swift; sourceTree = "<group>"; };
		A5863E0E25752EB30017F09C /* UIButton+Ext.swift */ = {isa = PBXFileReference; lastKnownFileType = sourcecode.swift; path = "UIButton+Ext.swift"; sourceTree = "<group>"; };
		A5BDFD7D25723137004D3F57 /* ChartProvider.swift */ = {isa = PBXFileReference; lastKnownFileType = sourcecode.swift; path = ChartProvider.swift; sourceTree = "<group>"; };
		A5BDFD8025723362004D3F57 /* ChartData.swift */ = {isa = PBXFileReference; lastKnownFileType = sourcecode.swift; path = ChartData.swift; sourceTree = "<group>"; };
		A5BDFD9525724AA6004D3F57 /* UIImage+Ext.swift */ = {isa = PBXFileReference; lastKnownFileType = sourcecode.swift; path = "UIImage+Ext.swift"; sourceTree = "<group>"; };
		A5BDFD9B2572938F004D3F57 /* SideMenuVC.swift */ = {isa = PBXFileReference; lastKnownFileType = sourcecode.swift; path = SideMenuVC.swift; sourceTree = "<group>"; };
		A5BDFDA025729495004D3F57 /* SideMenuCell.swift */ = {isa = PBXFileReference; lastKnownFileType = sourcecode.swift; path = SideMenuCell.swift; sourceTree = "<group>"; };
		A5BDFDB22572A7DB004D3F57 /* SideMenuItemManager.swift */ = {isa = PBXFileReference; lastKnownFileType = sourcecode.swift; path = SideMenuItemManager.swift; sourceTree = "<group>"; };
		A5BDFDB525738B0D004D3F57 /* Date+Ext.swift */ = {isa = PBXFileReference; lastKnownFileType = sourcecode.swift; path = "Date+Ext.swift"; sourceTree = "<group>"; };
		A5BDFDB825738C4E004D3F57 /* DateProvider.swift */ = {isa = PBXFileReference; lastKnownFileType = sourcecode.swift; path = DateProvider.swift; sourceTree = "<group>"; };
		A5BDFDF22573E404004D3F57 /* DatePickerVC.swift */ = {isa = PBXFileReference; lastKnownFileType = sourcecode.swift; path = DatePickerVC.swift; sourceTree = "<group>"; };
		A5C741ED2577FD82007B477E /* AddNoteVC.swift */ = {isa = PBXFileReference; lastKnownFileType = sourcecode.swift; path = AddNoteVC.swift; sourceTree = "<group>"; };
		A5C9F67D2578758E00558C98 /* UserInfoVC.swift */ = {isa = PBXFileReference; lastKnownFileType = sourcecode.swift; path = UserInfoVC.swift; sourceTree = "<group>"; };
		A5C9F680257896AB00558C98 /* UIView+Ext.swift */ = {isa = PBXFileReference; lastKnownFileType = sourcecode.swift; path = "UIView+Ext.swift"; sourceTree = "<group>"; };
		A5E46D47257615C400ADF4DA /* DetailVC.swift */ = {isa = PBXFileReference; lastKnownFileType = sourcecode.swift; path = DetailVC.swift; sourceTree = "<group>"; };
		C36156E5D1AC9ABF93F780A1 /* Pods-SimpleFit.release.xcconfig */ = {isa = PBXFileReference; includeInIndex = 1; lastKnownFileType = text.xcconfig; name = "Pods-SimpleFit.release.xcconfig"; path = "Target Support Files/Pods-SimpleFit/Pods-SimpleFit.release.xcconfig"; sourceTree = "<group>"; };
		EB59C87BB5903418AC729B9E /* Pods-SimpleFit.debug.xcconfig */ = {isa = PBXFileReference; includeInIndex = 1; lastKnownFileType = text.xcconfig; name = "Pods-SimpleFit.debug.xcconfig"; path = "Target Support Files/Pods-SimpleFit/Pods-SimpleFit.debug.xcconfig"; sourceTree = "<group>"; };
/* End PBXFileReference section */

/* Begin PBXFrameworksBuildPhase section */
		A548A780256FFC6400782A0E /* Frameworks */ = {
			isa = PBXFrameworksBuildPhase;
			buildActionMask = 2147483647;
			files = (
				A4052DD655D816F8F8765AD5 /* Pods_SimpleFit.framework in Frameworks */,
			);
			runOnlyForDeploymentPostprocessing = 0;
		};
/* End PBXFrameworksBuildPhase section */

/* Begin PBXGroup section */
		6BF5BE1B237C83D0CE7AC839 /* Frameworks */ = {
			isa = PBXGroup;
			children = (
				02FDABE50893208936BB35BB /* Pods_SimpleFit.framework */,
			);
			name = Frameworks;
			sourceTree = "<group>";
		};
		A548A77A256FFC6400782A0E = {
			isa = PBXGroup;
			children = (
				A548A785256FFC6400782A0E /* SimpleFit */,
				A548A784256FFC6400782A0E /* Products */,
				CB03E58534FB18C16EDACF34 /* Pods */,
				6BF5BE1B237C83D0CE7AC839 /* Frameworks */,
			);
			sourceTree = "<group>";
		};
		A548A784256FFC6400782A0E /* Products */ = {
			isa = PBXGroup;
			children = (
				A548A783256FFC6400782A0E /* SimpleFit.app */,
			);
			name = Products;
			sourceTree = "<group>";
		};
		A548A785256FFC6400782A0E /* SimpleFit */ = {
			isa = PBXGroup;
			children = (
				A5BDFD662572251B004D3F57 /* Startup */,
				A5BDFD7625722FDB004D3F57 /* Model */,
				A5BDFD5325721F61004D3F57 /* View */,
				A5BDFD5425721F80004D3F57 /* Controller */,
				A5BDFD8F25724A79004D3F57 /* Extension */,
				A5BDFD5225721F3E004D3F57 /* Resource */,
				A548A794256FFC6600782A0E /* Info.plist */,
				A5536CC1257A045D00BE60BC /* GoogleService-Info.plist */,
			);
			path = SimpleFit;
			sourceTree = "<group>";
		};
		A57297B7257721BB00A892D4 /* AddMenu */ = {
			isa = PBXGroup;
			children = (
				A57297B92577230600A892D4 /* AddWeightVC.swift */,
				A5C741ED2577FD82007B477E /* AddNoteVC.swift */,
				A520C975257B6F1600215CC1 /* AddPhotoVC.swift */,
			);
			path = AddMenu;
			sourceTree = "<group>";
		};
		A5BDFD5225721F3E004D3F57 /* Resource */ = {
			isa = PBXGroup;
			children = (
				A548A78F256FFC6600782A0E /* Assets.xcassets */,
			);
			path = Resource;
			sourceTree = "<group>";
		};
		A5BDFD5325721F61004D3F57 /* View */ = {
			isa = PBXGroup;
			children = (
				A5BDFD9F25729481004D3F57 /* SideMenu */,
				A548A78C256FFC6400782A0E /* Main.storyboard */,
			);
			path = View;
			sourceTree = "<group>";
		};
		A5BDFD5425721F80004D3F57 /* Controller */ = {
			isa = PBXGroup;
			children = (
				A5BDFD9825729372004D3F57 /* Home */,
				A5E46D46257615B300ADF4DA /* Detail */,
				A5BDFD9A25729379004D3F57 /* SideMenu */,
				A57297B7257721BB00A892D4 /* AddMenu */,
			);
			path = Controller;
			sourceTree = "<group>";
		};
		A5BDFD662572251B004D3F57 /* Startup */ = {
			isa = PBXGroup;
			children = (
				A548A786256FFC6400782A0E /* AppDelegate.swift */,
				A548A788256FFC6400782A0E /* SceneDelegate.swift */,
				A548A791256FFC6600782A0E /* LaunchScreen.storyboard */,
			);
			path = Startup;
			sourceTree = "<group>";
		};
		A5BDFD7625722FDB004D3F57 /* Model */ = {
			isa = PBXGroup;
			children = (
				A5BDFDA82572A3D7004D3F57 /* SideMenu */,
				A5BDFD8425723CDE004D3F57 /* Chart */,
			);
			path = Model;
			sourceTree = "<group>";
		};
		A5BDFD8425723CDE004D3F57 /* Chart */ = {
			isa = PBXGroup;
			children = (
				A5BDFD7D25723137004D3F57 /* ChartProvider.swift */,
				A5BDFD8025723362004D3F57 /* ChartData.swift */,
				A5BDFDB825738C4E004D3F57 /* DateProvider.swift */,
			);
			path = Chart;
			sourceTree = "<group>";
		};
		A5BDFD8F25724A79004D3F57 /* Extension */ = {
			isa = PBXGroup;
			children = (
				A5BDFD9525724AA6004D3F57 /* UIImage+Ext.swift */,
				A5BDFDB525738B0D004D3F57 /* Date+Ext.swift */,
				A5863E0E25752EB30017F09C /* UIButton+Ext.swift */,
				A5C9F680257896AB00558C98 /* UIView+Ext.swift */,
			);
			path = Extension;
			sourceTree = "<group>";
		};
		A5BDFD9825729372004D3F57 /* Home */ = {
			isa = PBXGroup;
			children = (
				A548A78A256FFC6400782A0E /* HomeVC.swift */,
				A5BDFDF22573E404004D3F57 /* DatePickerVC.swift */,
			);
			path = Home;
			sourceTree = "<group>";
		};
		A5BDFD9A25729379004D3F57 /* SideMenu */ = {
			isa = PBXGroup;
			children = (
				A5BDFD9B2572938F004D3F57 /* SideMenuVC.swift */,
				A5C9F67D2578758E00558C98 /* UserInfoVC.swift */,
				A555EB9F2578C5B60099BCB7 /* UserFavoriteVC.swift */,
				A555EBD52578E6810099BCB7 /* PagingFlowLayout.swift */,
			);
			path = SideMenu;
			sourceTree = "<group>";
		};
		A5BDFD9F25729481004D3F57 /* SideMenu */ = {
			isa = PBXGroup;
			children = (
				A5BDFDA025729495004D3F57 /* SideMenuCell.swift */,
				A555EBD22578E3570099BCB7 /* FavoriteCell.swift */,
			);
			path = SideMenu;
			sourceTree = "<group>";
		};
		A5BDFDA82572A3D7004D3F57 /* SideMenu */ = {
			isa = PBXGroup;
			children = (
				A5BDFDB22572A7DB004D3F57 /* SideMenuItemManager.swift */,
			);
			path = SideMenu;
			sourceTree = "<group>";
		};
		A5E46D46257615B300ADF4DA /* Detail */ = {
			isa = PBXGroup;
			children = (
				A5E46D47257615C400ADF4DA /* DetailVC.swift */,
			);
			path = Detail;
			sourceTree = "<group>";
		};
		CB03E58534FB18C16EDACF34 /* Pods */ = {
			isa = PBXGroup;
			children = (
				EB59C87BB5903418AC729B9E /* Pods-SimpleFit.debug.xcconfig */,
				C36156E5D1AC9ABF93F780A1 /* Pods-SimpleFit.release.xcconfig */,
			);
			path = Pods;
			sourceTree = "<group>";
		};
/* End PBXGroup section */

/* Begin PBXNativeTarget section */
		A548A782256FFC6400782A0E /* SimpleFit */ = {
			isa = PBXNativeTarget;
			buildConfigurationList = A548A797256FFC6600782A0E /* Build configuration list for PBXNativeTarget "SimpleFit" */;
			buildPhases = (
				07AF0A5B965CD43319DF399D /* [CP] Check Pods Manifest.lock */,
				A548A77F256FFC6400782A0E /* Sources */,
				A548A780256FFC6400782A0E /* Frameworks */,
				A548A781256FFC6400782A0E /* Resources */,
				A589E3ED2570A3000024E323 /* SwiftLint */,
				6CA100068B38FB550A215B56 /* [CP] Embed Pods Frameworks */,
			);
			buildRules = (
			);
			dependencies = (
			);
			name = SimpleFit;
			productName = SimpleFit;
			productReference = A548A783256FFC6400782A0E /* SimpleFit.app */;
			productType = "com.apple.product-type.application";
		};
/* End PBXNativeTarget section */

/* Begin PBXProject section */
		A548A77B256FFC6400782A0E /* Project object */ = {
			isa = PBXProject;
			attributes = {
				LastSwiftUpdateCheck = 1220;
				LastUpgradeCheck = 1220;
				TargetAttributes = {
					A548A782256FFC6400782A0E = {
						CreatedOnToolsVersion = 12.2;
					};
				};
			};
			buildConfigurationList = A548A77E256FFC6400782A0E /* Build configuration list for PBXProject "SimpleFit" */;
			compatibilityVersion = "Xcode 9.3";
			developmentRegion = en;
			hasScannedForEncodings = 0;
			knownRegions = (
				en,
				Base,
			);
			mainGroup = A548A77A256FFC6400782A0E;
			productRefGroup = A548A784256FFC6400782A0E /* Products */;
			projectDirPath = "";
			projectRoot = "";
			targets = (
				A548A782256FFC6400782A0E /* SimpleFit */,
			);
		};
/* End PBXProject section */

/* Begin PBXResourcesBuildPhase section */
		A548A781256FFC6400782A0E /* Resources */ = {
			isa = PBXResourcesBuildPhase;
			buildActionMask = 2147483647;
			files = (
				A548A793256FFC6600782A0E /* LaunchScreen.storyboard in Resources */,
				A548A790256FFC6600782A0E /* Assets.xcassets in Resources */,
				A5536CC2257A045D00BE60BC /* GoogleService-Info.plist in Resources */,
				A548A78E256FFC6400782A0E /* Main.storyboard in Resources */,
			);
			runOnlyForDeploymentPostprocessing = 0;
		};
/* End PBXResourcesBuildPhase section */

/* Begin PBXShellScriptBuildPhase section */
		07AF0A5B965CD43319DF399D /* [CP] Check Pods Manifest.lock */ = {
			isa = PBXShellScriptBuildPhase;
			buildActionMask = 2147483647;
			files = (
			);
			inputFileListPaths = (
			);
			inputPaths = (
				"${PODS_PODFILE_DIR_PATH}/Podfile.lock",
				"${PODS_ROOT}/Manifest.lock",
			);
			name = "[CP] Check Pods Manifest.lock";
			outputFileListPaths = (
			);
			outputPaths = (
				"$(DERIVED_FILE_DIR)/Pods-SimpleFit-checkManifestLockResult.txt",
			);
			runOnlyForDeploymentPostprocessing = 0;
			shellPath = /bin/sh;
			shellScript = "diff \"${PODS_PODFILE_DIR_PATH}/Podfile.lock\" \"${PODS_ROOT}/Manifest.lock\" > /dev/null\nif [ $? != 0 ] ; then\n    # print error to STDERR\n    echo \"error: The sandbox is not in sync with the Podfile.lock. Run 'pod install' or update your CocoaPods installation.\" >&2\n    exit 1\nfi\n# This output is used by Xcode 'outputs' to avoid re-running this script phase.\necho \"SUCCESS\" > \"${SCRIPT_OUTPUT_FILE_0}\"\n";
			showEnvVarsInLog = 0;
		};
		6CA100068B38FB550A215B56 /* [CP] Embed Pods Frameworks */ = {
			isa = PBXShellScriptBuildPhase;
			buildActionMask = 2147483647;
			files = (
			);
			inputFileListPaths = (
				"${PODS_ROOT}/Target Support Files/Pods-SimpleFit/Pods-SimpleFit-frameworks-${CONFIGURATION}-input-files.xcfilelist",
			);
			name = "[CP] Embed Pods Frameworks";
			outputFileListPaths = (
				"${PODS_ROOT}/Target Support Files/Pods-SimpleFit/Pods-SimpleFit-frameworks-${CONFIGURATION}-output-files.xcfilelist",
			);
			runOnlyForDeploymentPostprocessing = 0;
			shellPath = /bin/sh;
			shellScript = "\"${PODS_ROOT}/Target Support Files/Pods-SimpleFit/Pods-SimpleFit-frameworks.sh\"\n";
			showEnvVarsInLog = 0;
		};
		A589E3ED2570A3000024E323 /* SwiftLint */ = {
			isa = PBXShellScriptBuildPhase;
			buildActionMask = 2147483647;
			files = (
			);
			inputFileListPaths = (
			);
			inputPaths = (
			);
			name = SwiftLint;
			outputFileListPaths = (
			);
			outputPaths = (
			);
			runOnlyForDeploymentPostprocessing = 0;
			shellPath = /bin/sh;
			shellScript = "\"${PODS_ROOT}/SwiftLint/swiftlint\"\n";
		};
/* End PBXShellScriptBuildPhase section */

/* Begin PBXSourcesBuildPhase section */
		A548A77F256FFC6400782A0E /* Sources */ = {
			isa = PBXSourcesBuildPhase;
			buildActionMask = 2147483647;
			files = (
				A548A78B256FFC6400782A0E /* HomeVC.swift in Sources */,
				A5BDFD7E25723137004D3F57 /* ChartProvider.swift in Sources */,
				A5C741EE2577FD82007B477E /* AddNoteVC.swift in Sources */,
				A5BDFDB32572A7DB004D3F57 /* SideMenuItemManager.swift in Sources */,
				A5BDFDB925738C4E004D3F57 /* DateProvider.swift in Sources */,
				A5BDFD9C2572938F004D3F57 /* SideMenuVC.swift in Sources */,
				A548A787256FFC6400782A0E /* AppDelegate.swift in Sources */,
				A5BDFD9625724AA6004D3F57 /* UIImage+Ext.swift in Sources */,
				A5BDFD8125723362004D3F57 /* ChartData.swift in Sources */,
				A548A789256FFC6400782A0E /* SceneDelegate.swift in Sources */,
				A5863E0F25752EB30017F09C /* UIButton+Ext.swift in Sources */,
				A555EBA02578C5B60099BCB7 /* UserFavoriteVC.swift in Sources */,
				A555EBD62578E6810099BCB7 /* PagingFlowLayout.swift in Sources */,
				A5BDFDF32573E404004D3F57 /* DatePickerVC.swift in Sources */,
				A5BDFDA125729495004D3F57 /* SideMenuCell.swift in Sources */,
				A5BDFDB625738B0D004D3F57 /* Date+Ext.swift in Sources */,
				A5C9F681257896AB00558C98 /* UIView+Ext.swift in Sources */,
				A555EBD32578E3570099BCB7 /* FavoriteCell.swift in Sources */,
				A5C9F67E2578758E00558C98 /* UserInfoVC.swift in Sources */,
				A5E46D48257615C400ADF4DA /* DetailVC.swift in Sources */,
				A57297BA2577230600A892D4 /* AddWeightVC.swift in Sources */,
				A520C976257B6F1600215CC1 /* AddPhotoVC.swift in Sources */,
			);
			runOnlyForDeploymentPostprocessing = 0;
		};
/* End PBXSourcesBuildPhase section */

/* Begin PBXVariantGroup section */
		A548A78C256FFC6400782A0E /* Main.storyboard */ = {
			isa = PBXVariantGroup;
			children = (
				A548A78D256FFC6400782A0E /* Base */,
			);
			name = Main.storyboard;
			sourceTree = "<group>";
		};
		A548A791256FFC6600782A0E /* LaunchScreen.storyboard */ = {
			isa = PBXVariantGroup;
			children = (
				A548A792256FFC6600782A0E /* Base */,
			);
			name = LaunchScreen.storyboard;
			sourceTree = "<group>";
		};
/* End PBXVariantGroup section */

/* Begin XCBuildConfiguration section */
		A548A795256FFC6600782A0E /* Debug */ = {
			isa = XCBuildConfiguration;
			buildSettings = {
				ALWAYS_SEARCH_USER_PATHS = NO;
				CLANG_ANALYZER_NONNULL = YES;
				CLANG_ANALYZER_NUMBER_OBJECT_CONVERSION = YES_AGGRESSIVE;
				CLANG_CXX_LANGUAGE_STANDARD = "gnu++14";
				CLANG_CXX_LIBRARY = "libc++";
				CLANG_ENABLE_MODULES = YES;
				CLANG_ENABLE_OBJC_ARC = YES;
				CLANG_ENABLE_OBJC_WEAK = YES;
				CLANG_WARN_BLOCK_CAPTURE_AUTORELEASING = YES;
				CLANG_WARN_BOOL_CONVERSION = YES;
				CLANG_WARN_COMMA = YES;
				CLANG_WARN_CONSTANT_CONVERSION = YES;
				CLANG_WARN_DEPRECATED_OBJC_IMPLEMENTATIONS = YES;
				CLANG_WARN_DIRECT_OBJC_ISA_USAGE = YES_ERROR;
				CLANG_WARN_DOCUMENTATION_COMMENTS = YES;
				CLANG_WARN_EMPTY_BODY = YES;
				CLANG_WARN_ENUM_CONVERSION = YES;
				CLANG_WARN_INFINITE_RECURSION = YES;
				CLANG_WARN_INT_CONVERSION = YES;
				CLANG_WARN_NON_LITERAL_NULL_CONVERSION = YES;
				CLANG_WARN_OBJC_IMPLICIT_RETAIN_SELF = YES;
				CLANG_WARN_OBJC_LITERAL_CONVERSION = YES;
				CLANG_WARN_OBJC_ROOT_CLASS = YES_ERROR;
				CLANG_WARN_QUOTED_INCLUDE_IN_FRAMEWORK_HEADER = YES;
				CLANG_WARN_RANGE_LOOP_ANALYSIS = YES;
				CLANG_WARN_STRICT_PROTOTYPES = YES;
				CLANG_WARN_SUSPICIOUS_MOVE = YES;
				CLANG_WARN_UNGUARDED_AVAILABILITY = YES_AGGRESSIVE;
				CLANG_WARN_UNREACHABLE_CODE = YES;
				CLANG_WARN__DUPLICATE_METHOD_MATCH = YES;
				COPY_PHASE_STRIP = NO;
				DEBUG_INFORMATION_FORMAT = dwarf;
				ENABLE_STRICT_OBJC_MSGSEND = YES;
				ENABLE_TESTABILITY = YES;
				GCC_C_LANGUAGE_STANDARD = gnu11;
				GCC_DYNAMIC_NO_PIC = NO;
				GCC_NO_COMMON_BLOCKS = YES;
				GCC_OPTIMIZATION_LEVEL = 0;
				GCC_PREPROCESSOR_DEFINITIONS = (
					"DEBUG=1",
					"$(inherited)",
				);
				GCC_WARN_64_TO_32_BIT_CONVERSION = YES;
				GCC_WARN_ABOUT_RETURN_TYPE = YES_ERROR;
				GCC_WARN_UNDECLARED_SELECTOR = YES;
				GCC_WARN_UNINITIALIZED_AUTOS = YES_AGGRESSIVE;
				GCC_WARN_UNUSED_FUNCTION = YES;
				GCC_WARN_UNUSED_VARIABLE = YES;
				IPHONEOS_DEPLOYMENT_TARGET = 14.0;
				MTL_ENABLE_DEBUG_INFO = INCLUDE_SOURCE;
				MTL_FAST_MATH = YES;
				ONLY_ACTIVE_ARCH = YES;
				SDKROOT = iphoneos;
				SWIFT_ACTIVE_COMPILATION_CONDITIONS = DEBUG;
				SWIFT_OPTIMIZATION_LEVEL = "-Onone";
			};
			name = Debug;
		};
		A548A796256FFC6600782A0E /* Release */ = {
			isa = XCBuildConfiguration;
			buildSettings = {
				ALWAYS_SEARCH_USER_PATHS = NO;
				CLANG_ANALYZER_NONNULL = YES;
				CLANG_ANALYZER_NUMBER_OBJECT_CONVERSION = YES_AGGRESSIVE;
				CLANG_CXX_LANGUAGE_STANDARD = "gnu++14";
				CLANG_CXX_LIBRARY = "libc++";
				CLANG_ENABLE_MODULES = YES;
				CLANG_ENABLE_OBJC_ARC = YES;
				CLANG_ENABLE_OBJC_WEAK = YES;
				CLANG_WARN_BLOCK_CAPTURE_AUTORELEASING = YES;
				CLANG_WARN_BOOL_CONVERSION = YES;
				CLANG_WARN_COMMA = YES;
				CLANG_WARN_CONSTANT_CONVERSION = YES;
				CLANG_WARN_DEPRECATED_OBJC_IMPLEMENTATIONS = YES;
				CLANG_WARN_DIRECT_OBJC_ISA_USAGE = YES_ERROR;
				CLANG_WARN_DOCUMENTATION_COMMENTS = YES;
				CLANG_WARN_EMPTY_BODY = YES;
				CLANG_WARN_ENUM_CONVERSION = YES;
				CLANG_WARN_INFINITE_RECURSION = YES;
				CLANG_WARN_INT_CONVERSION = YES;
				CLANG_WARN_NON_LITERAL_NULL_CONVERSION = YES;
				CLANG_WARN_OBJC_IMPLICIT_RETAIN_SELF = YES;
				CLANG_WARN_OBJC_LITERAL_CONVERSION = YES;
				CLANG_WARN_OBJC_ROOT_CLASS = YES_ERROR;
				CLANG_WARN_QUOTED_INCLUDE_IN_FRAMEWORK_HEADER = YES;
				CLANG_WARN_RANGE_LOOP_ANALYSIS = YES;
				CLANG_WARN_STRICT_PROTOTYPES = YES;
				CLANG_WARN_SUSPICIOUS_MOVE = YES;
				CLANG_WARN_UNGUARDED_AVAILABILITY = YES_AGGRESSIVE;
				CLANG_WARN_UNREACHABLE_CODE = YES;
				CLANG_WARN__DUPLICATE_METHOD_MATCH = YES;
				COPY_PHASE_STRIP = NO;
				DEBUG_INFORMATION_FORMAT = "dwarf-with-dsym";
				ENABLE_NS_ASSERTIONS = NO;
				ENABLE_STRICT_OBJC_MSGSEND = YES;
				GCC_C_LANGUAGE_STANDARD = gnu11;
				GCC_NO_COMMON_BLOCKS = YES;
				GCC_WARN_64_TO_32_BIT_CONVERSION = YES;
				GCC_WARN_ABOUT_RETURN_TYPE = YES_ERROR;
				GCC_WARN_UNDECLARED_SELECTOR = YES;
				GCC_WARN_UNINITIALIZED_AUTOS = YES_AGGRESSIVE;
				GCC_WARN_UNUSED_FUNCTION = YES;
				GCC_WARN_UNUSED_VARIABLE = YES;
				IPHONEOS_DEPLOYMENT_TARGET = 14.0;
				MTL_ENABLE_DEBUG_INFO = NO;
				MTL_FAST_MATH = YES;
				SDKROOT = iphoneos;
				SWIFT_COMPILATION_MODE = wholemodule;
				SWIFT_OPTIMIZATION_LEVEL = "-O";
				VALIDATE_PRODUCT = YES;
			};
			name = Release;
		};
		A548A798256FFC6600782A0E /* Debug */ = {
			isa = XCBuildConfiguration;
			baseConfigurationReference = EB59C87BB5903418AC729B9E /* Pods-SimpleFit.debug.xcconfig */;
			buildSettings = {
				ASSETCATALOG_COMPILER_APPICON_NAME = AppIcon;
				ASSETCATALOG_COMPILER_GLOBAL_ACCENT_COLOR_NAME = AccentColor;
				CODE_SIGN_STYLE = Automatic;
				DEVELOPMENT_TEAM = RFKB25HZB5;
				INFOPLIST_FILE = SimpleFit/Info.plist;
				LD_RUNPATH_SEARCH_PATHS = (
					"$(inherited)",
					"@executable_path/Frameworks",
				);
				PRODUCT_BUNDLE_IDENTIFIER = com.Alex.SimpleFit;
				PRODUCT_NAME = "$(TARGET_NAME)";
				SWIFT_VERSION = 5.0;
				TARGETED_DEVICE_FAMILY = "1,2";
			};
			name = Debug;
		};
		A548A799256FFC6600782A0E /* Release */ = {
			isa = XCBuildConfiguration;
			baseConfigurationReference = C36156E5D1AC9ABF93F780A1 /* Pods-SimpleFit.release.xcconfig */;
			buildSettings = {
				ASSETCATALOG_COMPILER_APPICON_NAME = AppIcon;
				ASSETCATALOG_COMPILER_GLOBAL_ACCENT_COLOR_NAME = AccentColor;
				CODE_SIGN_STYLE = Automatic;
				DEVELOPMENT_TEAM = RFKB25HZB5;
				INFOPLIST_FILE = SimpleFit/Info.plist;
				LD_RUNPATH_SEARCH_PATHS = (
					"$(inherited)",
					"@executable_path/Frameworks",
				);
				PRODUCT_BUNDLE_IDENTIFIER = com.Alex.SimpleFit;
				PRODUCT_NAME = "$(TARGET_NAME)";
				SWIFT_VERSION = 5.0;
				TARGETED_DEVICE_FAMILY = "1,2";
			};
			name = Release;
		};
/* End XCBuildConfiguration section */

/* Begin XCConfigurationList section */
		A548A77E256FFC6400782A0E /* Build configuration list for PBXProject "SimpleFit" */ = {
			isa = XCConfigurationList;
			buildConfigurations = (
				A548A795256FFC6600782A0E /* Debug */,
				A548A796256FFC6600782A0E /* Release */,
			);
			defaultConfigurationIsVisible = 0;
			defaultConfigurationName = Release;
		};
		A548A797256FFC6600782A0E /* Build configuration list for PBXNativeTarget "SimpleFit" */ = {
			isa = XCConfigurationList;
			buildConfigurations = (
				A548A798256FFC6600782A0E /* Debug */,
				A548A799256FFC6600782A0E /* Release */,
			);
			defaultConfigurationIsVisible = 0;
			defaultConfigurationName = Release;
		};
/* End XCConfigurationList section */
	};
	rootObject = A548A77B256FFC6400782A0E /* Project object */;
}
