PODS:
  - AAInfographics (5.0.3)
  - MIBlurPopup (1.0.0)
  - SideMenu (6.5.0)
  - SwiftLint (0.41.0)

DEPENDENCIES:
  - AAInfographics (from `https://github.com/AAChartModel/AAChartKit-Swift.git`)
  - MIBlurPopup
  - SideMenu (~> 6.0)
  - SwiftLint

SPEC REPOS:
  trunk:
    - MIBlurPopup
    - SideMenu
    - SwiftLint

EXTERNAL SOURCES:
  AAInfographics:
    :git: https://github.com/AAChartModel/AAChartKit-Swift.git

CHECKOUT OPTIONS:
  AAInfographics:
    :commit: 7d4dcbf3959be8f718f1c78a1e9fa3836a75d198
    :git: https://github.com/AAChartModel/AAChartKit-Swift.git

SPEC CHECKSUMS:
  AAInfographics: 7e0fdd1afab38f77539364cbef8380b22110478d
  MIBlurPopup: 7e855df6a79d13bc0840519c2ec9bac50b1ac01a
  SideMenu: f583187d21c5b1dd04c72002be544b555a2627a2
  SwiftLint: c585ebd615d9520d7fbdbe151f527977b0534f1e

PODFILE CHECKSUM: 721d4372a9968d388dc9586b7e409ec8e129c14a

COCOAPODS: 1.10.0
